// !$*UTF8*$!
{
	archiveVersion = 1;
	classes = {
	};
	objectVersion = 46;
	objects = {

/* Begin PBXBuildFile section */
		32A4FEBC0562C75700D090E7 /* InfoPlist.strings in Resources */ = {isa = PBXBuildFile; fileRef = 089C167DFE841241C02AAC07 /* InfoPlist.strings */; };
		B9F58CBB0D20863C00D4451B /* Dvoracle.cpp in Sources */ = {isa = PBXBuildFile; fileRef = B9F58CB40D20863C00D4451B /* Dvoracle.cpp */; };
		B9F58CBC0D20863C00D4451B /* Dvoracle.h in Headers */ = {isa = PBXBuildFile; fileRef = B9F58CB50D20863C00D4451B /* Dvoracle.h */; };
		B9F58CBD0D20863C00D4451B /* DvoracleKeyboardHandler.cpp in Sources */ = {isa = PBXBuildFile; fileRef = B9F58CB60D20863C00D4451B /* DvoracleKeyboardHandler.cpp */; };
		B9F58CBE0D20863C00D4451B /* DvoracleKeyboardHandler.h in Headers */ = {isa = PBXBuildFile; fileRef = B9F58CB70D20863C00D4451B /* DvoracleKeyboardHandler.h */; };
		B9F58CBF0D20863C00D4451B /* DvoracleRemapper.cpp in Sources */ = {isa = PBXBuildFile; fileRef = B9F58CB80D20863C00D4451B /* DvoracleRemapper.cpp */; };
		B9F58CC00D20863C00D4451B /* DvoracleRemapper.h in Headers */ = {isa = PBXBuildFile; fileRef = B9F58CB90D20863C00D4451B /* DvoracleRemapper.h */; };
		B9F58CC10D20863C00D4451B /* KeyConstants.h in Headers */ = {isa = PBXBuildFile; fileRef = B9F58CBA0D20863C00D4451B /* KeyConstants.h */; };
/* End PBXBuildFile section */

/* Begin PBXFileReference section */
		089C167EFE841241C02AAC07 /* English */ = {isa = PBXFileReference; fileEncoding = 10; lastKnownFileType = text.plist.strings; name = English; path = English.lproj/InfoPlist.strings; sourceTree = "<group>"; };
		32A4FEC30562C75700D090E7 /* Info.plist */ = {isa = PBXFileReference; lastKnownFileType = text.plist.xml; path = Info.plist; sourceTree = "<group>"; };
		32A4FEC40562C75800D090E7 /* kexttest.kext */ = {isa = PBXFileReference; explicitFileType = wrapper.cfbundle; includeInIndex = 0; path = kexttest.kext; sourceTree = BUILT_PRODUCTS_DIR; };
		B9F58CB40D20863C00D4451B /* Dvoracle.cpp */ = {isa = PBXFileReference; fileEncoding = 30; lastKnownFileType = sourcecode.cpp.cpp; path = Dvoracle.cpp; sourceTree = "<group>"; };
		B9F58CB50D20863C00D4451B /* Dvoracle.h */ = {isa = PBXFileReference; fileEncoding = 30; lastKnownFileType = sourcecode.c.h; path = Dvoracle.h; sourceTree = "<group>"; };
		B9F58CB60D20863C00D4451B /* DvoracleKeyboardHandler.cpp */ = {isa = PBXFileReference; fileEncoding = 30; lastKnownFileType = sourcecode.cpp.cpp; path = DvoracleKeyboardHandler.cpp; sourceTree = "<group>"; };
		B9F58CB70D20863C00D4451B /* DvoracleKeyboardHandler.h */ = {isa = PBXFileReference; fileEncoding = 30; lastKnownFileType = sourcecode.c.h; path = DvoracleKeyboardHandler.h; sourceTree = "<group>"; };
		B9F58CB80D20863C00D4451B /* DvoracleRemapper.cpp */ = {isa = PBXFileReference; fileEncoding = 30; lastKnownFileType = sourcecode.cpp.cpp; path = DvoracleRemapper.cpp; sourceTree = "<group>"; };
		B9F58CB90D20863C00D4451B /* DvoracleRemapper.h */ = {isa = PBXFileReference; fileEncoding = 30; lastKnownFileType = sourcecode.c.h; path = DvoracleRemapper.h; sourceTree = "<group>"; };
		B9F58CBA0D20863C00D4451B /* KeyConstants.h */ = {isa = PBXFileReference; fileEncoding = 30; lastKnownFileType = sourcecode.c.h; path = KeyConstants.h; sourceTree = "<group>"; };
		D27513B306A6225300ADB3A4 /* Kernel.framework */ = {isa = PBXFileReference; lastKnownFileType = wrapper.framework; name = Kernel.framework; path = /System/Library/Frameworks/Kernel.framework; sourceTree = "<absolute>"; };
/* End PBXFileReference section */

/* Begin PBXFrameworksBuildPhase section */
		32A4FEBF0562C75700D090E7 /* Frameworks */ = {
			isa = PBXFrameworksBuildPhase;
			buildActionMask = 2147483647;
			files = (
			);
			runOnlyForDeploymentPostprocessing = 0;
		};
/* End PBXFrameworksBuildPhase section */

/* Begin PBXGroup section */
		089C166AFE841209C02AAC07 /* kexttest */ = {
			isa = PBXGroup;
			children = (
				B9F58CBA0D20863C00D4451B /* KeyConstants.h */,
				B9F58CB80D20863C00D4451B /* DvoracleRemapper.cpp */,
				B9F58CB90D20863C00D4451B /* DvoracleRemapper.h */,
				B9F58CB60D20863C00D4451B /* DvoracleKeyboardHandler.cpp */,
				B9F58CB70D20863C00D4451B /* DvoracleKeyboardHandler.h */,
				247142CAFF3F8F9811CA285C /* Source */,
				089C167CFE841241C02AAC07 /* Resources */,
				D27513B306A6225300ADB3A4 /* Kernel.framework */,
				19C28FB6FE9D52B211CA2CBB /* Products */,
			);
			name = kexttest;
			sourceTree = "<group>";
		};
		089C167CFE841241C02AAC07 /* Resources */ = {
			isa = PBXGroup;
			children = (
				32A4FEC30562C75700D090E7 /* Info.plist */,
				089C167DFE841241C02AAC07 /* InfoPlist.strings */,
			);
			name = Resources;
			sourceTree = "<group>";
		};
		19C28FB6FE9D52B211CA2CBB /* Products */ = {
			isa = PBXGroup;
			children = (
				32A4FEC40562C75800D090E7 /* kexttest.kext */,
			);
			name = Products;
			sourceTree = "<group>";
		};
		247142CAFF3F8F9811CA285C /* Source */ = {
			isa = PBXGroup;
			children = (
				B9F58CB40D20863C00D4451B /* Dvoracle.cpp */,
				B9F58CB50D20863C00D4451B /* Dvoracle.h */,
			);
			name = Source;
			sourceTree = "<group>";
		};
/* End PBXGroup section */

/* Begin PBXHeadersBuildPhase section */
		32A4FEBA0562C75700D090E7 /* Headers */ = {
			isa = PBXHeadersBuildPhase;
			buildActionMask = 2147483647;
			files = (
				B9F58CBC0D20863C00D4451B /* Dvoracle.h in Headers */,
				B9F58CBE0D20863C00D4451B /* DvoracleKeyboardHandler.h in Headers */,
				B9F58CC00D20863C00D4451B /* DvoracleRemapper.h in Headers */,
				B9F58CC10D20863C00D4451B /* KeyConstants.h in Headers */,
			);
			runOnlyForDeploymentPostprocessing = 0;
		};
/* End PBXHeadersBuildPhase section */

/* Begin PBXNativeTarget section */
		32A4FEB80562C75700D090E7 /* Dvoracle */ = {
			isa = PBXNativeTarget;
			buildConfigurationList = 1DEB91C308733DAC0010E9CD /* Build configuration list for PBXNativeTarget "Dvoracle" */;
			buildPhases = (
				32A4FEBA0562C75700D090E7 /* Headers */,
				32A4FEBB0562C75700D090E7 /* Resources */,
				32A4FEBD0562C75700D090E7 /* Sources */,
				32A4FEBF0562C75700D090E7 /* Frameworks */,
				32A4FEC00562C75700D090E7 /* Rez */,
			);
			buildRules = (
			);
			dependencies = (
			);
			name = Dvoracle;
			productInstallPath = "$(SYSTEM_LIBRARY_DIR)/Extensions";
			productName = kexttest;
			productReference = 32A4FEC40562C75800D090E7 /* kexttest.kext */;
			productType = "com.apple.product-type.kernel-extension";
		};
/* End PBXNativeTarget section */

/* Begin PBXProject section */
		089C1669FE841209C02AAC07 /* Project object */ = {
			isa = PBXProject;
			attributes = {
				LastUpgradeCheck = 0450;
			};
			buildConfigurationList = 1DEB91C708733DAC0010E9CD /* Build configuration list for PBXProject "Dvoracle" */;
			compatibilityVersion = "Xcode 3.2";
			developmentRegion = English;
			hasScannedForEncodings = 1;
			knownRegions = (
				en,
			);
			mainGroup = 089C166AFE841209C02AAC07 /* kexttest */;
			projectDirPath = "";
			projectRoot = "";
			targets = (
				32A4FEB80562C75700D090E7 /* Dvoracle */,
			);
		};
/* End PBXProject section */

/* Begin PBXResourcesBuildPhase section */
		32A4FEBB0562C75700D090E7 /* Resources */ = {
			isa = PBXResourcesBuildPhase;
			buildActionMask = 2147483647;
			files = (
				32A4FEBC0562C75700D090E7 /* InfoPlist.strings in Resources */,
			);
			runOnlyForDeploymentPostprocessing = 0;
		};
/* End PBXResourcesBuildPhase section */

/* Begin PBXRezBuildPhase section */
		32A4FEC00562C75700D090E7 /* Rez */ = {
			isa = PBXRezBuildPhase;
			buildActionMask = 2147483647;
			files = (
			);
			runOnlyForDeploymentPostprocessing = 0;
		};
/* End PBXRezBuildPhase section */

/* Begin PBXSourcesBuildPhase section */
		32A4FEBD0562C75700D090E7 /* Sources */ = {
			isa = PBXSourcesBuildPhase;
			buildActionMask = 2147483647;
			files = (
				B9F58CBB0D20863C00D4451B /* Dvoracle.cpp in Sources */,
				B9F58CBD0D20863C00D4451B /* DvoracleKeyboardHandler.cpp in Sources */,
				B9F58CBF0D20863C00D4451B /* DvoracleRemapper.cpp in Sources */,
			);
			runOnlyForDeploymentPostprocessing = 0;
		};
/* End PBXSourcesBuildPhase section */

/* Begin PBXVariantGroup section */
		089C167DFE841241C02AAC07 /* InfoPlist.strings */ = {
			isa = PBXVariantGroup;
			children = (
				089C167EFE841241C02AAC07 /* English */,
			);
			name = InfoPlist.strings;
			sourceTree = "<group>";
		};
/* End PBXVariantGroup section */

/* Begin XCBuildConfiguration section */
		1DEB91C408733DAC0010E9CD /* Debug */ = {
			isa = XCBuildConfiguration;
			buildSettings = {
				ARCHS = "$(ARCHS_STANDARD_64_BIT)";
				COMBINE_HIDPI_IMAGES = YES;
				COPY_PHASE_STRIP = NO;
				GCC_DYNAMIC_NO_PIC = NO;
				GCC_MODEL_TUNING = G5;
				GCC_OPTIMIZATION_LEVEL = 0;
				INFOPLIST_FILE = Info.plist;
				INFOPLIST_PREPROCESS = YES;
				INSTALL_PATH = "$(SYSTEM_LIBRARY_DIR)/Extensions";
				MODULE_NAMEx = com.yourcompany.kext.kexttest;
				MODULE_STOPx = kexttest_stop;
				MODULE_VERSION = 1.0.0d1;
				PRODUCT_NAME = kexttest;
				WRAPPER_EXTENSION = kext;
				ZERO_LINK = YES;
				kexttest_start = kexttest_start;
			};
			name = Debug;
		};
		1DEB91C508733DAC0010E9CD /* Release */ = {
			isa = XCBuildConfiguration;
			buildSettings = {
				ARCHS = "$(ARCHS_STANDARD_64_BIT)";
				COMBINE_HIDPI_IMAGES = YES;
				GCC_GENERATE_DEBUGGING_SYMBOLS = NO;
				GCC_MODEL_TUNING = G5;
				INFOPLIST_FILE = Info.plist;
				INSTALL_PATH = "$(SYSTEM_LIBRARY_DIR)/Extensions";
				MODULE_NAME = com.phogy.kext.Dvoracle;
				MODULE_START = 0;
				MODULE_STOP = 0;
				MODULE_VERSION = 1.0.0d1;
				PRODUCT_NAME = Dvoracle;
				WRAPPER_EXTENSION = kext;
			};
			name = Release;
		};
		1DEB91C808733DAC0010E9CD /* Debug */ = {
			isa = XCBuildConfiguration;
			buildSettings = {
				GCC_WARN_ABOUT_RETURN_TYPE = YES;
				GCC_WARN_UNUSED_VARIABLE = YES;
				SDKROOT = macosx;
			};
			name = Debug;
		};
		1DEB91C908733DAC0010E9CD /* Release */ = {
			isa = XCBuildConfiguration;
			buildSettings = {
				GCC_WARN_ABOUT_RETURN_TYPE = YES;
				GCC_WARN_UNUSED_VARIABLE = YES;
				SDKROOT = macosx;
			};
			name = Release;
		};
/* End XCBuildConfiguration section */

/* Begin XCConfigurationList section */
		1DEB91C308733DAC0010E9CD /* Build configuration list for PBXNativeTarget "Dvoracle" */ = {
			isa = XCConfigurationList;
			buildConfigurations = (
				1DEB91C408733DAC0010E9CD /* Debug */,
				1DEB91C508733DAC0010E9CD /* Release */,
			);
			defaultConfigurationIsVisible = 0;
			defaultConfigurationName = Release;
		};
		1DEB91C708733DAC0010E9CD /* Build configuration list for PBXProject "Dvoracle" */ = {
			isa = XCConfigurationList;
			buildConfigurations = (
				1DEB91C808733DAC0010E9CD /* Debug */,
				1DEB91C908733DAC0010E9CD /* Release */,
			);
			defaultConfigurationIsVisible = 0;
			defaultConfigurationName = Release;
		};
/* End XCConfigurationList section */
	};
	rootObject = 089C1669FE841209C02AAC07 /* Project object */;
}
